
Microsoft Visual Studio Solution File, Format Version 12.00
# Visual Studio Version 16
VisualStudioVersion = 16.0.29123.88
MinimumVisualStudioVersion = 10.0.40219.1
Project("{9A19103F-16F7-4668-BE54-9A1E7A4F7556}") = "Bussiness", "Bussiness\Bussiness.csproj", "{212E45E5-A2C1-4732-BF78-417AFDD5C76D}"
EndProject
Project("{9A19103F-16F7-4668-BE54-9A1E7A4F7556}") = "Helper", "Helper\Helper.csproj", "{FA82BB6E-606F-466C-A138-C6DF935AE377}"
EndProject
Global
	GlobalSection(SolutionConfigurationPlatforms) = preSolution
		Debug|Any CPU = Debug|Any CPU
		Release|Any CPU = Release|Any CPU
	EndGlobalSection
	GlobalSection(ProjectConfigurationPlatforms) = postSolution
		{212E45E5-A2C1-4732-BF78-417AFDD5C76D}.Debug|Any CPU.ActiveCfg = Debug|Any CPU
		{212E45E5-A2C1-4732-BF78-417AFDD5C76D}.Debug|Any CPU.Build.0 = Debug|Any CPU
		{212E45E5-A2C1-4732-BF78-417AFDD5C76D}.Release|Any CPU.ActiveCfg = Release|Any CPU
		{212E45E5-A2C1-4732-BF78-417AFDD5C76D}.Release|Any CPU.Build.0 = Release|Any CPU
		{FA82BB6E-606F-466C-A138-C6DF935AE377}.Debug|Any CPU.ActiveCfg = Debug|Any CPU
		{FA82BB6E-606F-466C-A138-C6DF935AE377}.Debug|Any CPU.Build.0 = Debug|Any CPU
		{FA82BB6E-606F-466C-A138-C6DF935AE377}.Release|Any CPU.ActiveCfg = Release|Any CPU
		{FA82BB6E-606F-466C-A138-C6DF935AE377}.Release|Any CPU.Build.0 = Release|Any CPU
	EndGlobalSection
	GlobalSection(SolutionProperties) = preSolution
		HideSolutionNode = FALSE
	EndGlobalSection
	GlobalSection(ExtensibilityGlobals) = postSolution
		SolutionGuid = {95E26694-F29A-49B5-8608-65E17FCAE775}
	EndGlobalSection
EndGlobal
